
Microsoft Visual Studio Solution File, Format Version 12.00
# Visual Studio 15
VisualStudioVersion = 15.0.27004.2009
MinimumVisualStudioVersion = 10.0.40219.1
Project("{FAE04EC0-301F-11D3-BF4B-00C04F79EFBC}") = "Aspit.CheckPorts.UI", "Aspit.CheckPorts.UI\Aspit.CheckPorts.UI.csproj", "{5DA753FE-0F48-480F-A8EA-3825C8586737}"
EndProject
Global
	GlobalSection(SolutionConfigurationPlatforms) = preSolution
		Debug|Any CPU = Debug|Any CPU
		Release|Any CPU = Release|Any CPU
	EndGlobalSection
	GlobalSection(ProjectConfigurationPlatforms) = postSolution
		{5DA753FE-0F48-480F-A8EA-3825C8586737}.Debug|Any CPU.ActiveCfg = Debug|Any CPU
		{5DA753FE-0F48-480F-A8EA-3825C8586737}.Debug|Any CPU.Build.0 = Debug|Any CPU
		{5DA753FE-0F48-480F-A8EA-3825C8586737}.Release|Any CPU.ActiveCfg = Release|Any CPU
		{5DA753FE-0F48-480F-A8EA-3825C8586737}.Release|Any CPU.Build.0 = Release|Any CPU
	EndGlobalSection
	GlobalSection(SolutionProperties) = preSolution
		HideSolutionNode = FALSE
	EndGlobalSection
	GlobalSection(ExtensibilityGlobals) = postSolution
		SolutionGuid = {C26C0AAA-AF26-4475-8D31-768DDDDDE723}
	EndGlobalSection
EndGlobal
