
Microsoft Visual Studio Solution File, Format Version 12.00
# Visual Studio 15
VisualStudioVersion = 15.0.27004.2009
MinimumVisualStudioVersion = 10.0.40219.1
Project("{FAE04EC0-301F-11D3-BF4B-00C04F79EFBC}") = "Aspit.CheckPorts.UI", "Aspit.CheckPorts.UI\Aspit.CheckPorts.UI.csproj", "{5DA753FE-0F48-480F-A8EA-3825C8586737}"
EndProject
Project("{FAE04EC0-301F-11D3-BF4B-00C04F79EFBC}") = "Aspit.CheckPorts.Entities", "Aspit.CheckPorts.Entities\Aspit.CheckPorts.Entities.csproj", "{93C5C3D1-557A-4E3D-938A-1290A5539B06}"
EndProject
Project("{FAE04EC0-301F-11D3-BF4B-00C04F79EFBC}") = "Aspit.CheckPorts.DataAccess", "Aspit.CheckPorts.DataAccess\Aspit.CheckPorts.DataAccess.csproj", "{551A78E4-CB00-4249-AE7D-4DA588C1BC7B}"
EndProject
Project("{FAE04EC0-301F-11D3-BF4B-00C04F79EFBC}") = "Aspit.CheckPorts.MobileUI.Android", "Aspit.CheckPorts.MobileUI.Android\Aspit.CheckPorts.MobileUI.Android.csproj", "{619AC833-A3E7-4A95-B086-BB19DD6F1168}"
EndProject
Project("{FAE04EC0-301F-11D3-BF4B-00C04F79EFBC}") = "Aspit.CheckPorts.WcfService", "Aspit.CheckPorts.WcfService\Aspit.CheckPorts.WcfService.csproj", "{A7B4A868-3927-4FE8-8E8E-D703765A4F90}"
EndProject
Global
	GlobalSection(SolutionConfigurationPlatforms) = preSolution
		Ad-Hoc|Any CPU = Ad-Hoc|Any CPU
		Ad-Hoc|ARM = Ad-Hoc|ARM
		Ad-Hoc|iPhone = Ad-Hoc|iPhone
		Ad-Hoc|iPhoneSimulator = Ad-Hoc|iPhoneSimulator
		Ad-Hoc|x64 = Ad-Hoc|x64
		Ad-Hoc|x86 = Ad-Hoc|x86
		AppStore|Any CPU = AppStore|Any CPU
		AppStore|ARM = AppStore|ARM
		AppStore|iPhone = AppStore|iPhone
		AppStore|iPhoneSimulator = AppStore|iPhoneSimulator
		AppStore|x64 = AppStore|x64
		AppStore|x86 = AppStore|x86
		Debug|Any CPU = Debug|Any CPU
		Debug|ARM = Debug|ARM
		Debug|iPhone = Debug|iPhone
		Debug|iPhoneSimulator = Debug|iPhoneSimulator
		Debug|x64 = Debug|x64
		Debug|x86 = Debug|x86
		Release|Any CPU = Release|Any CPU
		Release|ARM = Release|ARM
		Release|iPhone = Release|iPhone
		Release|iPhoneSimulator = Release|iPhoneSimulator
		Release|x64 = Release|x64
		Release|x86 = Release|x86
	EndGlobalSection
	GlobalSection(ProjectConfigurationPlatforms) = postSolution
		{5DA753FE-0F48-480F-A8EA-3825C8586737}.Ad-Hoc|Any CPU.ActiveCfg = Release|Any CPU
		{5DA753FE-0F48-480F-A8EA-3825C8586737}.Ad-Hoc|Any CPU.Build.0 = Release|Any CPU
		{5DA753FE-0F48-480F-A8EA-3825C8586737}.Ad-Hoc|ARM.ActiveCfg = Release|Any CPU
		{5DA753FE-0F48-480F-A8EA-3825C8586737}.Ad-Hoc|ARM.Build.0 = Release|Any CPU
		{5DA753FE-0F48-480F-A8EA-3825C8586737}.Ad-Hoc|iPhone.ActiveCfg = Release|Any CPU
		{5DA753FE-0F48-480F-A8EA-3825C8586737}.Ad-Hoc|iPhone.Build.0 = Release|Any CPU
		{5DA753FE-0F48-480F-A8EA-3825C8586737}.Ad-Hoc|iPhoneSimulator.ActiveCfg = Release|Any CPU
		{5DA753FE-0F48-480F-A8EA-3825C8586737}.Ad-Hoc|iPhoneSimulator.Build.0 = Release|Any CPU
		{5DA753FE-0F48-480F-A8EA-3825C8586737}.Ad-Hoc|x64.ActiveCfg = Release|Any CPU
		{5DA753FE-0F48-480F-A8EA-3825C8586737}.Ad-Hoc|x64.Build.0 = Release|Any CPU
		{5DA753FE-0F48-480F-A8EA-3825C8586737}.Ad-Hoc|x86.ActiveCfg = Release|Any CPU
		{5DA753FE-0F48-480F-A8EA-3825C8586737}.Ad-Hoc|x86.Build.0 = Release|Any CPU
		{5DA753FE-0F48-480F-A8EA-3825C8586737}.AppStore|Any CPU.ActiveCfg = Release|Any CPU
		{5DA753FE-0F48-480F-A8EA-3825C8586737}.AppStore|Any CPU.Build.0 = Release|Any CPU
		{5DA753FE-0F48-480F-A8EA-3825C8586737}.AppStore|ARM.ActiveCfg = Release|Any CPU
		{5DA753FE-0F48-480F-A8EA-3825C8586737}.AppStore|ARM.Build.0 = Release|Any CPU
		{5DA753FE-0F48-480F-A8EA-3825C8586737}.AppStore|iPhone.ActiveCfg = Release|Any CPU
		{5DA753FE-0F48-480F-A8EA-3825C8586737}.AppStore|iPhone.Build.0 = Release|Any CPU
		{5DA753FE-0F48-480F-A8EA-3825C8586737}.AppStore|iPhoneSimulator.ActiveCfg = Release|Any CPU
		{5DA753FE-0F48-480F-A8EA-3825C8586737}.AppStore|iPhoneSimulator.Build.0 = Release|Any CPU
		{5DA753FE-0F48-480F-A8EA-3825C8586737}.AppStore|x64.ActiveCfg = Release|Any CPU
		{5DA753FE-0F48-480F-A8EA-3825C8586737}.AppStore|x64.Build.0 = Release|Any CPU
		{5DA753FE-0F48-480F-A8EA-3825C8586737}.AppStore|x86.ActiveCfg = Release|Any CPU
		{5DA753FE-0F48-480F-A8EA-3825C8586737}.AppStore|x86.Build.0 = Release|Any CPU
		{5DA753FE-0F48-480F-A8EA-3825C8586737}.Debug|Any CPU.ActiveCfg = Debug|Any CPU
		{5DA753FE-0F48-480F-A8EA-3825C8586737}.Debug|Any CPU.Build.0 = Debug|Any CPU
		{5DA753FE-0F48-480F-A8EA-3825C8586737}.Debug|ARM.ActiveCfg = Debug|Any CPU
		{5DA753FE-0F48-480F-A8EA-3825C8586737}.Debug|ARM.Build.0 = Debug|Any CPU
		{5DA753FE-0F48-480F-A8EA-3825C8586737}.Debug|iPhone.ActiveCfg = Debug|Any CPU
		{5DA753FE-0F48-480F-A8EA-3825C8586737}.Debug|iPhone.Build.0 = Debug|Any CPU
		{5DA753FE-0F48-480F-A8EA-3825C8586737}.Debug|iPhoneSimulator.ActiveCfg = Debug|Any CPU
		{5DA753FE-0F48-480F-A8EA-3825C8586737}.Debug|iPhoneSimulator.Build.0 = Debug|Any CPU
		{5DA753FE-0F48-480F-A8EA-3825C8586737}.Debug|x64.ActiveCfg = Debug|Any CPU
		{5DA753FE-0F48-480F-A8EA-3825C8586737}.Debug|x64.Build.0 = Debug|Any CPU
		{5DA753FE-0F48-480F-A8EA-3825C8586737}.Debug|x86.ActiveCfg = Debug|Any CPU
		{5DA753FE-0F48-480F-A8EA-3825C8586737}.Debug|x86.Build.0 = Debug|Any CPU
		{5DA753FE-0F48-480F-A8EA-3825C8586737}.Release|Any CPU.ActiveCfg = Release|Any CPU
		{5DA753FE-0F48-480F-A8EA-3825C8586737}.Release|Any CPU.Build.0 = Release|Any CPU
		{5DA753FE-0F48-480F-A8EA-3825C8586737}.Release|ARM.ActiveCfg = Release|Any CPU
		{5DA753FE-0F48-480F-A8EA-3825C8586737}.Release|ARM.Build.0 = Release|Any CPU
		{5DA753FE-0F48-480F-A8EA-3825C8586737}.Release|iPhone.ActiveCfg = Release|Any CPU
		{5DA753FE-0F48-480F-A8EA-3825C8586737}.Release|iPhone.Build.0 = Release|Any CPU
		{5DA753FE-0F48-480F-A8EA-3825C8586737}.Release|iPhoneSimulator.ActiveCfg = Release|Any CPU
		{5DA753FE-0F48-480F-A8EA-3825C8586737}.Release|iPhoneSimulator.Build.0 = Release|Any CPU
		{5DA753FE-0F48-480F-A8EA-3825C8586737}.Release|x64.ActiveCfg = Release|Any CPU
		{5DA753FE-0F48-480F-A8EA-3825C8586737}.Release|x64.Build.0 = Release|Any CPU
		{5DA753FE-0F48-480F-A8EA-3825C8586737}.Release|x86.ActiveCfg = Release|Any CPU
		{5DA753FE-0F48-480F-A8EA-3825C8586737}.Release|x86.Build.0 = Release|Any CPU
		{93C5C3D1-557A-4E3D-938A-1290A5539B06}.Ad-Hoc|Any CPU.ActiveCfg = Release|Any CPU
		{93C5C3D1-557A-4E3D-938A-1290A5539B06}.Ad-Hoc|Any CPU.Build.0 = Release|Any CPU
		{93C5C3D1-557A-4E3D-938A-1290A5539B06}.Ad-Hoc|ARM.ActiveCfg = Release|Any CPU
		{93C5C3D1-557A-4E3D-938A-1290A5539B06}.Ad-Hoc|ARM.Build.0 = Release|Any CPU
		{93C5C3D1-557A-4E3D-938A-1290A5539B06}.Ad-Hoc|iPhone.ActiveCfg = Release|Any CPU
		{93C5C3D1-557A-4E3D-938A-1290A5539B06}.Ad-Hoc|iPhone.Build.0 = Release|Any CPU
		{93C5C3D1-557A-4E3D-938A-1290A5539B06}.Ad-Hoc|iPhoneSimulator.ActiveCfg = Release|Any CPU
		{93C5C3D1-557A-4E3D-938A-1290A5539B06}.Ad-Hoc|iPhoneSimulator.Build.0 = Release|Any CPU
		{93C5C3D1-557A-4E3D-938A-1290A5539B06}.Ad-Hoc|x64.ActiveCfg = Release|Any CPU
		{93C5C3D1-557A-4E3D-938A-1290A5539B06}.Ad-Hoc|x64.Build.0 = Release|Any CPU
		{93C5C3D1-557A-4E3D-938A-1290A5539B06}.Ad-Hoc|x86.ActiveCfg = Release|Any CPU
		{93C5C3D1-557A-4E3D-938A-1290A5539B06}.Ad-Hoc|x86.Build.0 = Release|Any CPU
		{93C5C3D1-557A-4E3D-938A-1290A5539B06}.AppStore|Any CPU.ActiveCfg = Release|Any CPU
		{93C5C3D1-557A-4E3D-938A-1290A5539B06}.AppStore|Any CPU.Build.0 = Release|Any CPU
		{93C5C3D1-557A-4E3D-938A-1290A5539B06}.AppStore|ARM.ActiveCfg = Release|Any CPU
		{93C5C3D1-557A-4E3D-938A-1290A5539B06}.AppStore|ARM.Build.0 = Release|Any CPU
		{93C5C3D1-557A-4E3D-938A-1290A5539B06}.AppStore|iPhone.ActiveCfg = Release|Any CPU
		{93C5C3D1-557A-4E3D-938A-1290A5539B06}.AppStore|iPhone.Build.0 = Release|Any CPU
		{93C5C3D1-557A-4E3D-938A-1290A5539B06}.AppStore|iPhoneSimulator.ActiveCfg = Release|Any CPU
		{93C5C3D1-557A-4E3D-938A-1290A5539B06}.AppStore|iPhoneSimulator.Build.0 = Release|Any CPU
		{93C5C3D1-557A-4E3D-938A-1290A5539B06}.AppStore|x64.ActiveCfg = Release|Any CPU
		{93C5C3D1-557A-4E3D-938A-1290A5539B06}.AppStore|x64.Build.0 = Release|Any CPU
		{93C5C3D1-557A-4E3D-938A-1290A5539B06}.AppStore|x86.ActiveCfg = Release|Any CPU
		{93C5C3D1-557A-4E3D-938A-1290A5539B06}.AppStore|x86.Build.0 = Release|Any CPU
		{93C5C3D1-557A-4E3D-938A-1290A5539B06}.Debug|Any CPU.ActiveCfg = Debug|Any CPU
		{93C5C3D1-557A-4E3D-938A-1290A5539B06}.Debug|Any CPU.Build.0 = Debug|Any CPU
		{93C5C3D1-557A-4E3D-938A-1290A5539B06}.Debug|ARM.ActiveCfg = Debug|Any CPU
		{93C5C3D1-557A-4E3D-938A-1290A5539B06}.Debug|ARM.Build.0 = Debug|Any CPU
		{93C5C3D1-557A-4E3D-938A-1290A5539B06}.Debug|iPhone.ActiveCfg = Debug|Any CPU
		{93C5C3D1-557A-4E3D-938A-1290A5539B06}.Debug|iPhone.Build.0 = Debug|Any CPU
		{93C5C3D1-557A-4E3D-938A-1290A5539B06}.Debug|iPhoneSimulator.ActiveCfg = Debug|Any CPU
		{93C5C3D1-557A-4E3D-938A-1290A5539B06}.Debug|iPhoneSimulator.Build.0 = Debug|Any CPU
		{93C5C3D1-557A-4E3D-938A-1290A5539B06}.Debug|x64.ActiveCfg = Debug|Any CPU
		{93C5C3D1-557A-4E3D-938A-1290A5539B06}.Debug|x64.Build.0 = Debug|Any CPU
		{93C5C3D1-557A-4E3D-938A-1290A5539B06}.Debug|x86.ActiveCfg = Debug|Any CPU
		{93C5C3D1-557A-4E3D-938A-1290A5539B06}.Debug|x86.Build.0 = Debug|Any CPU
		{93C5C3D1-557A-4E3D-938A-1290A5539B06}.Release|Any CPU.ActiveCfg = Release|Any CPU
		{93C5C3D1-557A-4E3D-938A-1290A5539B06}.Release|Any CPU.Build.0 = Release|Any CPU
		{93C5C3D1-557A-4E3D-938A-1290A5539B06}.Release|ARM.ActiveCfg = Release|Any CPU
		{93C5C3D1-557A-4E3D-938A-1290A5539B06}.Release|ARM.Build.0 = Release|Any CPU
		{93C5C3D1-557A-4E3D-938A-1290A5539B06}.Release|iPhone.ActiveCfg = Release|Any CPU
		{93C5C3D1-557A-4E3D-938A-1290A5539B06}.Release|iPhone.Build.0 = Release|Any CPU
		{93C5C3D1-557A-4E3D-938A-1290A5539B06}.Release|iPhoneSimulator.ActiveCfg = Release|Any CPU
		{93C5C3D1-557A-4E3D-938A-1290A5539B06}.Release|iPhoneSimulator.Build.0 = Release|Any CPU
		{93C5C3D1-557A-4E3D-938A-1290A5539B06}.Release|x64.ActiveCfg = Release|Any CPU
		{93C5C3D1-557A-4E3D-938A-1290A5539B06}.Release|x64.Build.0 = Release|Any CPU
		{93C5C3D1-557A-4E3D-938A-1290A5539B06}.Release|x86.ActiveCfg = Release|Any CPU
		{93C5C3D1-557A-4E3D-938A-1290A5539B06}.Release|x86.Build.0 = Release|Any CPU
		{551A78E4-CB00-4249-AE7D-4DA588C1BC7B}.Ad-Hoc|Any CPU.ActiveCfg = Release|Any CPU
		{551A78E4-CB00-4249-AE7D-4DA588C1BC7B}.Ad-Hoc|Any CPU.Build.0 = Release|Any CPU
		{551A78E4-CB00-4249-AE7D-4DA588C1BC7B}.Ad-Hoc|ARM.ActiveCfg = Release|Any CPU
		{551A78E4-CB00-4249-AE7D-4DA588C1BC7B}.Ad-Hoc|ARM.Build.0 = Release|Any CPU
		{551A78E4-CB00-4249-AE7D-4DA588C1BC7B}.Ad-Hoc|iPhone.ActiveCfg = Release|Any CPU
		{551A78E4-CB00-4249-AE7D-4DA588C1BC7B}.Ad-Hoc|iPhone.Build.0 = Release|Any CPU
		{551A78E4-CB00-4249-AE7D-4DA588C1BC7B}.Ad-Hoc|iPhoneSimulator.ActiveCfg = Release|Any CPU
		{551A78E4-CB00-4249-AE7D-4DA588C1BC7B}.Ad-Hoc|iPhoneSimulator.Build.0 = Release|Any CPU
		{551A78E4-CB00-4249-AE7D-4DA588C1BC7B}.Ad-Hoc|x64.ActiveCfg = Release|Any CPU
		{551A78E4-CB00-4249-AE7D-4DA588C1BC7B}.Ad-Hoc|x64.Build.0 = Release|Any CPU
		{551A78E4-CB00-4249-AE7D-4DA588C1BC7B}.Ad-Hoc|x86.ActiveCfg = Release|Any CPU
		{551A78E4-CB00-4249-AE7D-4DA588C1BC7B}.Ad-Hoc|x86.Build.0 = Release|Any CPU
		{551A78E4-CB00-4249-AE7D-4DA588C1BC7B}.AppStore|Any CPU.ActiveCfg = Release|Any CPU
		{551A78E4-CB00-4249-AE7D-4DA588C1BC7B}.AppStore|Any CPU.Build.0 = Release|Any CPU
		{551A78E4-CB00-4249-AE7D-4DA588C1BC7B}.AppStore|ARM.ActiveCfg = Release|Any CPU
		{551A78E4-CB00-4249-AE7D-4DA588C1BC7B}.AppStore|ARM.Build.0 = Release|Any CPU
		{551A78E4-CB00-4249-AE7D-4DA588C1BC7B}.AppStore|iPhone.ActiveCfg = Release|Any CPU
		{551A78E4-CB00-4249-AE7D-4DA588C1BC7B}.AppStore|iPhone.Build.0 = Release|Any CPU
		{551A78E4-CB00-4249-AE7D-4DA588C1BC7B}.AppStore|iPhoneSimulator.ActiveCfg = Release|Any CPU
		{551A78E4-CB00-4249-AE7D-4DA588C1BC7B}.AppStore|iPhoneSimulator.Build.0 = Release|Any CPU
		{551A78E4-CB00-4249-AE7D-4DA588C1BC7B}.AppStore|x64.ActiveCfg = Release|Any CPU
		{551A78E4-CB00-4249-AE7D-4DA588C1BC7B}.AppStore|x64.Build.0 = Release|Any CPU
		{551A78E4-CB00-4249-AE7D-4DA588C1BC7B}.AppStore|x86.ActiveCfg = Release|Any CPU
		{551A78E4-CB00-4249-AE7D-4DA588C1BC7B}.AppStore|x86.Build.0 = Release|Any CPU
		{551A78E4-CB00-4249-AE7D-4DA588C1BC7B}.Debug|Any CPU.ActiveCfg = Debug|Any CPU
		{551A78E4-CB00-4249-AE7D-4DA588C1BC7B}.Debug|Any CPU.Build.0 = Debug|Any CPU
		{551A78E4-CB00-4249-AE7D-4DA588C1BC7B}.Debug|ARM.ActiveCfg = Debug|Any CPU
		{551A78E4-CB00-4249-AE7D-4DA588C1BC7B}.Debug|ARM.Build.0 = Debug|Any CPU
		{551A78E4-CB00-4249-AE7D-4DA588C1BC7B}.Debug|iPhone.ActiveCfg = Debug|Any CPU
		{551A78E4-CB00-4249-AE7D-4DA588C1BC7B}.Debug|iPhone.Build.0 = Debug|Any CPU
		{551A78E4-CB00-4249-AE7D-4DA588C1BC7B}.Debug|iPhoneSimulator.ActiveCfg = Debug|Any CPU
		{551A78E4-CB00-4249-AE7D-4DA588C1BC7B}.Debug|iPhoneSimulator.Build.0 = Debug|Any CPU
		{551A78E4-CB00-4249-AE7D-4DA588C1BC7B}.Debug|x64.ActiveCfg = Debug|Any CPU
		{551A78E4-CB00-4249-AE7D-4DA588C1BC7B}.Debug|x64.Build.0 = Debug|Any CPU
		{551A78E4-CB00-4249-AE7D-4DA588C1BC7B}.Debug|x86.ActiveCfg = Debug|Any CPU
		{551A78E4-CB00-4249-AE7D-4DA588C1BC7B}.Debug|x86.Build.0 = Debug|Any CPU
		{551A78E4-CB00-4249-AE7D-4DA588C1BC7B}.Release|Any CPU.ActiveCfg = Release|Any CPU
		{551A78E4-CB00-4249-AE7D-4DA588C1BC7B}.Release|Any CPU.Build.0 = Release|Any CPU
		{551A78E4-CB00-4249-AE7D-4DA588C1BC7B}.Release|ARM.ActiveCfg = Release|Any CPU
		{551A78E4-CB00-4249-AE7D-4DA588C1BC7B}.Release|ARM.Build.0 = Release|Any CPU
		{551A78E4-CB00-4249-AE7D-4DA588C1BC7B}.Release|iPhone.ActiveCfg = Release|Any CPU
		{551A78E4-CB00-4249-AE7D-4DA588C1BC7B}.Release|iPhone.Build.0 = Release|Any CPU
		{551A78E4-CB00-4249-AE7D-4DA588C1BC7B}.Release|iPhoneSimulator.ActiveCfg = Release|Any CPU
		{551A78E4-CB00-4249-AE7D-4DA588C1BC7B}.Release|iPhoneSimulator.Build.0 = Release|Any CPU
		{551A78E4-CB00-4249-AE7D-4DA588C1BC7B}.Release|x64.ActiveCfg = Release|Any CPU
		{551A78E4-CB00-4249-AE7D-4DA588C1BC7B}.Release|x64.Build.0 = Release|Any CPU
		{551A78E4-CB00-4249-AE7D-4DA588C1BC7B}.Release|x86.ActiveCfg = Release|Any CPU
		{551A78E4-CB00-4249-AE7D-4DA588C1BC7B}.Release|x86.Build.0 = Release|Any CPU
		{619AC833-A3E7-4A95-B086-BB19DD6F1168}.Ad-Hoc|Any CPU.ActiveCfg = Release|Any CPU
		{619AC833-A3E7-4A95-B086-BB19DD6F1168}.Ad-Hoc|Any CPU.Build.0 = Release|Any CPU
		{619AC833-A3E7-4A95-B086-BB19DD6F1168}.Ad-Hoc|Any CPU.Deploy.0 = Release|Any CPU
		{619AC833-A3E7-4A95-B086-BB19DD6F1168}.Ad-Hoc|ARM.ActiveCfg = Release|Any CPU
		{619AC833-A3E7-4A95-B086-BB19DD6F1168}.Ad-Hoc|ARM.Build.0 = Release|Any CPU
		{619AC833-A3E7-4A95-B086-BB19DD6F1168}.Ad-Hoc|ARM.Deploy.0 = Release|Any CPU
		{619AC833-A3E7-4A95-B086-BB19DD6F1168}.Ad-Hoc|iPhone.ActiveCfg = Release|Any CPU
		{619AC833-A3E7-4A95-B086-BB19DD6F1168}.Ad-Hoc|iPhone.Build.0 = Release|Any CPU
		{619AC833-A3E7-4A95-B086-BB19DD6F1168}.Ad-Hoc|iPhone.Deploy.0 = Release|Any CPU
		{619AC833-A3E7-4A95-B086-BB19DD6F1168}.Ad-Hoc|iPhoneSimulator.ActiveCfg = Release|Any CPU
		{619AC833-A3E7-4A95-B086-BB19DD6F1168}.Ad-Hoc|iPhoneSimulator.Build.0 = Release|Any CPU
		{619AC833-A3E7-4A95-B086-BB19DD6F1168}.Ad-Hoc|iPhoneSimulator.Deploy.0 = Release|Any CPU
		{619AC833-A3E7-4A95-B086-BB19DD6F1168}.Ad-Hoc|x64.ActiveCfg = Release|Any CPU
		{619AC833-A3E7-4A95-B086-BB19DD6F1168}.Ad-Hoc|x64.Build.0 = Release|Any CPU
		{619AC833-A3E7-4A95-B086-BB19DD6F1168}.Ad-Hoc|x64.Deploy.0 = Release|Any CPU
		{619AC833-A3E7-4A95-B086-BB19DD6F1168}.Ad-Hoc|x86.ActiveCfg = Release|Any CPU
		{619AC833-A3E7-4A95-B086-BB19DD6F1168}.Ad-Hoc|x86.Build.0 = Release|Any CPU
		{619AC833-A3E7-4A95-B086-BB19DD6F1168}.Ad-Hoc|x86.Deploy.0 = Release|Any CPU
		{619AC833-A3E7-4A95-B086-BB19DD6F1168}.AppStore|Any CPU.ActiveCfg = Release|Any CPU
		{619AC833-A3E7-4A95-B086-BB19DD6F1168}.AppStore|Any CPU.Build.0 = Release|Any CPU
		{619AC833-A3E7-4A95-B086-BB19DD6F1168}.AppStore|Any CPU.Deploy.0 = Release|Any CPU
		{619AC833-A3E7-4A95-B086-BB19DD6F1168}.AppStore|ARM.ActiveCfg = Release|Any CPU
		{619AC833-A3E7-4A95-B086-BB19DD6F1168}.AppStore|ARM.Build.0 = Release|Any CPU
		{619AC833-A3E7-4A95-B086-BB19DD6F1168}.AppStore|ARM.Deploy.0 = Release|Any CPU
		{619AC833-A3E7-4A95-B086-BB19DD6F1168}.AppStore|iPhone.ActiveCfg = Release|Any CPU
		{619AC833-A3E7-4A95-B086-BB19DD6F1168}.AppStore|iPhone.Build.0 = Release|Any CPU
		{619AC833-A3E7-4A95-B086-BB19DD6F1168}.AppStore|iPhone.Deploy.0 = Release|Any CPU
		{619AC833-A3E7-4A95-B086-BB19DD6F1168}.AppStore|iPhoneSimulator.ActiveCfg = Release|Any CPU
		{619AC833-A3E7-4A95-B086-BB19DD6F1168}.AppStore|iPhoneSimulator.Build.0 = Release|Any CPU
		{619AC833-A3E7-4A95-B086-BB19DD6F1168}.AppStore|iPhoneSimulator.Deploy.0 = Release|Any CPU
		{619AC833-A3E7-4A95-B086-BB19DD6F1168}.AppStore|x64.ActiveCfg = Release|Any CPU
		{619AC833-A3E7-4A95-B086-BB19DD6F1168}.AppStore|x64.Build.0 = Release|Any CPU
		{619AC833-A3E7-4A95-B086-BB19DD6F1168}.AppStore|x64.Deploy.0 = Release|Any CPU
		{619AC833-A3E7-4A95-B086-BB19DD6F1168}.AppStore|x86.ActiveCfg = Release|Any CPU
		{619AC833-A3E7-4A95-B086-BB19DD6F1168}.AppStore|x86.Build.0 = Release|Any CPU
		{619AC833-A3E7-4A95-B086-BB19DD6F1168}.AppStore|x86.Deploy.0 = Release|Any CPU
		{619AC833-A3E7-4A95-B086-BB19DD6F1168}.Debug|Any CPU.ActiveCfg = Debug|Any CPU
		{619AC833-A3E7-4A95-B086-BB19DD6F1168}.Debug|Any CPU.Build.0 = Debug|Any CPU
		{619AC833-A3E7-4A95-B086-BB19DD6F1168}.Debug|Any CPU.Deploy.0 = Debug|Any CPU
		{619AC833-A3E7-4A95-B086-BB19DD6F1168}.Debug|ARM.ActiveCfg = Debug|Any CPU
		{619AC833-A3E7-4A95-B086-BB19DD6F1168}.Debug|ARM.Build.0 = Debug|Any CPU
		{619AC833-A3E7-4A95-B086-BB19DD6F1168}.Debug|ARM.Deploy.0 = Debug|Any CPU
		{619AC833-A3E7-4A95-B086-BB19DD6F1168}.Debug|iPhone.ActiveCfg = Debug|Any CPU
		{619AC833-A3E7-4A95-B086-BB19DD6F1168}.Debug|iPhone.Build.0 = Debug|Any CPU
		{619AC833-A3E7-4A95-B086-BB19DD6F1168}.Debug|iPhone.Deploy.0 = Debug|Any CPU
		{619AC833-A3E7-4A95-B086-BB19DD6F1168}.Debug|iPhoneSimulator.ActiveCfg = Debug|Any CPU
		{619AC833-A3E7-4A95-B086-BB19DD6F1168}.Debug|iPhoneSimulator.Build.0 = Debug|Any CPU
		{619AC833-A3E7-4A95-B086-BB19DD6F1168}.Debug|iPhoneSimulator.Deploy.0 = Debug|Any CPU
		{619AC833-A3E7-4A95-B086-BB19DD6F1168}.Debug|x64.ActiveCfg = Debug|Any CPU
		{619AC833-A3E7-4A95-B086-BB19DD6F1168}.Debug|x64.Build.0 = Debug|Any CPU
		{619AC833-A3E7-4A95-B086-BB19DD6F1168}.Debug|x64.Deploy.0 = Debug|Any CPU
		{619AC833-A3E7-4A95-B086-BB19DD6F1168}.Debug|x86.ActiveCfg = Debug|Any CPU
		{619AC833-A3E7-4A95-B086-BB19DD6F1168}.Debug|x86.Build.0 = Debug|Any CPU
		{619AC833-A3E7-4A95-B086-BB19DD6F1168}.Debug|x86.Deploy.0 = Debug|Any CPU
		{619AC833-A3E7-4A95-B086-BB19DD6F1168}.Release|Any CPU.ActiveCfg = Release|Any CPU
		{619AC833-A3E7-4A95-B086-BB19DD6F1168}.Release|Any CPU.Build.0 = Release|Any CPU
		{619AC833-A3E7-4A95-B086-BB19DD6F1168}.Release|Any CPU.Deploy.0 = Release|Any CPU
		{619AC833-A3E7-4A95-B086-BB19DD6F1168}.Release|ARM.ActiveCfg = Release|Any CPU
		{619AC833-A3E7-4A95-B086-BB19DD6F1168}.Release|ARM.Build.0 = Release|Any CPU
		{619AC833-A3E7-4A95-B086-BB19DD6F1168}.Release|ARM.Deploy.0 = Release|Any CPU
		{619AC833-A3E7-4A95-B086-BB19DD6F1168}.Release|iPhone.ActiveCfg = Release|Any CPU
		{619AC833-A3E7-4A95-B086-BB19DD6F1168}.Release|iPhone.Build.0 = Release|Any CPU
		{619AC833-A3E7-4A95-B086-BB19DD6F1168}.Release|iPhone.Deploy.0 = Release|Any CPU
		{619AC833-A3E7-4A95-B086-BB19DD6F1168}.Release|iPhoneSimulator.ActiveCfg = Release|Any CPU
		{619AC833-A3E7-4A95-B086-BB19DD6F1168}.Release|iPhoneSimulator.Build.0 = Release|Any CPU
		{619AC833-A3E7-4A95-B086-BB19DD6F1168}.Release|iPhoneSimulator.Deploy.0 = Release|Any CPU
		{619AC833-A3E7-4A95-B086-BB19DD6F1168}.Release|x64.ActiveCfg = Release|Any CPU
		{619AC833-A3E7-4A95-B086-BB19DD6F1168}.Release|x64.Build.0 = Release|Any CPU
		{619AC833-A3E7-4A95-B086-BB19DD6F1168}.Release|x64.Deploy.0 = Release|Any CPU
		{619AC833-A3E7-4A95-B086-BB19DD6F1168}.Release|x86.ActiveCfg = Release|Any CPU
		{619AC833-A3E7-4A95-B086-BB19DD6F1168}.Release|x86.Build.0 = Release|Any CPU
		{619AC833-A3E7-4A95-B086-BB19DD6F1168}.Release|x86.Deploy.0 = Release|Any CPU
		{A7B4A868-3927-4FE8-8E8E-D703765A4F90}.Ad-Hoc|Any CPU.ActiveCfg = Release|Any CPU
		{A7B4A868-3927-4FE8-8E8E-D703765A4F90}.Ad-Hoc|Any CPU.Build.0 = Release|Any CPU
		{A7B4A868-3927-4FE8-8E8E-D703765A4F90}.Ad-Hoc|ARM.ActiveCfg = Release|Any CPU
		{A7B4A868-3927-4FE8-8E8E-D703765A4F90}.Ad-Hoc|ARM.Build.0 = Release|Any CPU
		{A7B4A868-3927-4FE8-8E8E-D703765A4F90}.Ad-Hoc|iPhone.ActiveCfg = Release|Any CPU
		{A7B4A868-3927-4FE8-8E8E-D703765A4F90}.Ad-Hoc|iPhone.Build.0 = Release|Any CPU
		{A7B4A868-3927-4FE8-8E8E-D703765A4F90}.Ad-Hoc|iPhoneSimulator.ActiveCfg = Release|Any CPU
		{A7B4A868-3927-4FE8-8E8E-D703765A4F90}.Ad-Hoc|iPhoneSimulator.Build.0 = Release|Any CPU
		{A7B4A868-3927-4FE8-8E8E-D703765A4F90}.Ad-Hoc|x64.ActiveCfg = Release|Any CPU
		{A7B4A868-3927-4FE8-8E8E-D703765A4F90}.Ad-Hoc|x64.Build.0 = Release|Any CPU
		{A7B4A868-3927-4FE8-8E8E-D703765A4F90}.Ad-Hoc|x86.ActiveCfg = Release|Any CPU
		{A7B4A868-3927-4FE8-8E8E-D703765A4F90}.Ad-Hoc|x86.Build.0 = Release|Any CPU
		{A7B4A868-3927-4FE8-8E8E-D703765A4F90}.AppStore|Any CPU.ActiveCfg = Release|Any CPU
		{A7B4A868-3927-4FE8-8E8E-D703765A4F90}.AppStore|Any CPU.Build.0 = Release|Any CPU
		{A7B4A868-3927-4FE8-8E8E-D703765A4F90}.AppStore|ARM.ActiveCfg = Release|Any CPU
		{A7B4A868-3927-4FE8-8E8E-D703765A4F90}.AppStore|ARM.Build.0 = Release|Any CPU
		{A7B4A868-3927-4FE8-8E8E-D703765A4F90}.AppStore|iPhone.ActiveCfg = Release|Any CPU
		{A7B4A868-3927-4FE8-8E8E-D703765A4F90}.AppStore|iPhone.Build.0 = Release|Any CPU
		{A7B4A868-3927-4FE8-8E8E-D703765A4F90}.AppStore|iPhoneSimulator.ActiveCfg = Release|Any CPU
		{A7B4A868-3927-4FE8-8E8E-D703765A4F90}.AppStore|iPhoneSimulator.Build.0 = Release|Any CPU
		{A7B4A868-3927-4FE8-8E8E-D703765A4F90}.AppStore|x64.ActiveCfg = Release|Any CPU
		{A7B4A868-3927-4FE8-8E8E-D703765A4F90}.AppStore|x64.Build.0 = Release|Any CPU
		{A7B4A868-3927-4FE8-8E8E-D703765A4F90}.AppStore|x86.ActiveCfg = Release|Any CPU
		{A7B4A868-3927-4FE8-8E8E-D703765A4F90}.AppStore|x86.Build.0 = Release|Any CPU
		{A7B4A868-3927-4FE8-8E8E-D703765A4F90}.Debug|Any CPU.ActiveCfg = Debug|Any CPU
		{A7B4A868-3927-4FE8-8E8E-D703765A4F90}.Debug|Any CPU.Build.0 = Debug|Any CPU
		{A7B4A868-3927-4FE8-8E8E-D703765A4F90}.Debug|ARM.ActiveCfg = Debug|Any CPU
		{A7B4A868-3927-4FE8-8E8E-D703765A4F90}.Debug|ARM.Build.0 = Debug|Any CPU
		{A7B4A868-3927-4FE8-8E8E-D703765A4F90}.Debug|iPhone.ActiveCfg = Debug|Any CPU
		{A7B4A868-3927-4FE8-8E8E-D703765A4F90}.Debug|iPhone.Build.0 = Debug|Any CPU
		{A7B4A868-3927-4FE8-8E8E-D703765A4F90}.Debug|iPhoneSimulator.ActiveCfg = Debug|Any CPU
		{A7B4A868-3927-4FE8-8E8E-D703765A4F90}.Debug|iPhoneSimulator.Build.0 = Debug|Any CPU
		{A7B4A868-3927-4FE8-8E8E-D703765A4F90}.Debug|x64.ActiveCfg = Debug|Any CPU
		{A7B4A868-3927-4FE8-8E8E-D703765A4F90}.Debug|x64.Build.0 = Debug|Any CPU
		{A7B4A868-3927-4FE8-8E8E-D703765A4F90}.Debug|x86.ActiveCfg = Debug|Any CPU
		{A7B4A868-3927-4FE8-8E8E-D703765A4F90}.Debug|x86.Build.0 = Debug|Any CPU
		{A7B4A868-3927-4FE8-8E8E-D703765A4F90}.Release|Any CPU.ActiveCfg = Release|Any CPU
		{A7B4A868-3927-4FE8-8E8E-D703765A4F90}.Release|Any CPU.Build.0 = Release|Any CPU
		{A7B4A868-3927-4FE8-8E8E-D703765A4F90}.Release|ARM.ActiveCfg = Release|Any CPU
		{A7B4A868-3927-4FE8-8E8E-D703765A4F90}.Release|ARM.Build.0 = Release|Any CPU
		{A7B4A868-3927-4FE8-8E8E-D703765A4F90}.Release|iPhone.ActiveCfg = Release|Any CPU
		{A7B4A868-3927-4FE8-8E8E-D703765A4F90}.Release|iPhone.Build.0 = Release|Any CPU
		{A7B4A868-3927-4FE8-8E8E-D703765A4F90}.Release|iPhoneSimulator.ActiveCfg = Release|Any CPU
		{A7B4A868-3927-4FE8-8E8E-D703765A4F90}.Release|iPhoneSimulator.Build.0 = Release|Any CPU
		{A7B4A868-3927-4FE8-8E8E-D703765A4F90}.Release|x64.ActiveCfg = Release|Any CPU
		{A7B4A868-3927-4FE8-8E8E-D703765A4F90}.Release|x64.Build.0 = Release|Any CPU
		{A7B4A868-3927-4FE8-8E8E-D703765A4F90}.Release|x86.ActiveCfg = Release|Any CPU
		{A7B4A868-3927-4FE8-8E8E-D703765A4F90}.Release|x86.Build.0 = Release|Any CPU
	EndGlobalSection
	GlobalSection(SolutionProperties) = preSolution
		HideSolutionNode = FALSE
	EndGlobalSection
	GlobalSection(ExtensibilityGlobals) = postSolution
		SolutionGuid = {C26C0AAA-AF26-4475-8D31-768DDDDDE723}
	EndGlobalSection
EndGlobal
